#
# This file is autogenerated by pip-compile with Python 3.11
# by the following command:
#
#    pip-compile --output-file=requirements.lock --strip-extras requirements.txt
#
aiofiles==23.2.1
    # via -r requirements.txt
annotated-doc==0.0.4
    # via fastapi
annotated-types==0.7.0
    # via pydantic
anyio==3.7.1
    # via
    #   httpx
    #   starlette
    #   watchfiles
bcrypt==5.0.0
    # via
    #   -r requirements.txt
    #   paramiko
certifi==2026.2.25
    # via
    #   httpcore
    #   httpx
    #   requests
cffi==2.0.0
    # via
    #   cryptography
    #   pynacl
charset-normalizer==3.4.6
    # via requests
click==8.3.1
    # via uvicorn
coverage==7.13.5
    # via pytest-cov
cryptography==46.0.6
    # via paramiko
fastapi==0.135.2
    # via
    #   -r requirements.txt
    #   prometheus-fastapi-instrumentator
h11==0.16.0
    # via
    #   httpcore
    #   uvicorn
httpcore==1.0.9
    # via httpx
httptools==0.7.1
    # via uvicorn
httpx==0.28.1
    # via -r requirements.txt
idna==3.11
    # via
    #   anyio
    #   httpx
    #   requests
iniconfig==2.3.0
    # via pytest
packaging==26.0
    # via pytest
paramiko==3.4.0
    # via -r requirements.txt
pluggy==1.6.0
    # via
    #   pytest
    #   pytest-cov
prometheus-client==0.24.1
    # via prometheus-fastapi-instrumentator
prometheus-fastapi-instrumentator==6.1.0
    # via -r requirements.txt
proxmoxer==2.0.1
    # via -r requirements.txt
pycparser==3.0
    # via cffi
pydantic==2.12.5
    # via
    #   -r requirements.txt
    #   fastapi
pydantic-core==2.41.5
    # via pydantic
pygments==2.19.2
    # via pytest
pynacl==1.6.2
    # via paramiko
pytest==9.0.2
    # via
    #   -r requirements.txt
    #   pytest-asyncio
    #   pytest-cov
pytest-asyncio==1.3.0
    # via -r requirements.txt
pytest-cov==7.1.0
    # via -r requirements.txt
python-dotenv==1.0.0
    # via
    #   -r requirements.txt
    #   uvicorn
python-multipart==0.0.22
    # via -r requirements.txt
pyyaml==6.0.3
    # via uvicorn
requests==2.33.0
    # via -r requirements.txt
sniffio==1.3.1
    # via anyio
starlette==0.52.1
    # via
    #   -r requirements.txt
    #   fastapi
typing-extensions==4.15.0
    # via
    #   fastapi
    #   pydantic
    #   pydantic-core
    #   pytest-asyncio
    #   starlette
    #   typing-inspection
typing-inspection==0.4.2
    # via
    #   fastapi
    #   pydantic
urllib3==2.6.3
    # via requests
uvicorn==0.24.0
    # via -r requirements.txt
uvloop==0.22.1
    # via uvicorn
watchfiles==1.1.1
    # via uvicorn
websockets==12.0
    # via
    #   -r requirements.txt
    #   uvicorn
